{
  "requires": true,
  "lockfileVersion": 1,
  "dependencies": {
    "vuetify": {
      "version": "1.0.8",
      "resolved": "https://registry.npmjs.org/vuetify/-/vuetify-1.0.8.tgz",
      "integrity": "sha512-RdUBcvCeAJ8reYM/BPMg6QH6HUYyrqD0EfE8ro6pFBBFMyBQ6pL7S8wd3Jf+gaTyBATOOkV/0Qt6d3Zgu3tcxA=="
    }
  }
}
